
Microsoft Visual Studio Solution File, Format Version 12.00
# Visual Studio 15
VisualStudioVersion = 15.0.27703.2035
MinimumVisualStudioVersion = 10.0.40219.1
Project("{2150E333-8FDC-42A3-9474-1A3956D46DE8}") = "DM Solution Documentation", "DM Solution Documentation", "{D81AE800-B202-46D3-BF9B-3303AD90C651}"
	ProjectSection(SolutionItems) = preProject
		DM Solution Documentaion\Redwood Solution Documentation.docx = DM Solution Documentaion\Redwood Solution Documentation.docx
		DM Solution Documentaion\Redwood Solution Model.vsdx = DM Solution Documentaion\Redwood Solution Model.vsdx
		DM Solution Documentaion\Redwood Solution Workbook.xlsx = DM Solution Documentaion\Redwood Solution Workbook.xlsx
	EndProjectSection
EndProject
Project("{2150E333-8FDC-42A3-9474-1A3956D46DE8}") = "DM Build", "DM Build", "{5C96C5A5-B4AE-4581-8FFB-0F3C6AEF765B}"
	ProjectSection(SolutionItems) = preProject
		DM Build\BuildRedwoodDM.sql = DM Build\BuildRedwoodDM.sql
	EndProjectSection
EndProject
Project("{2150E333-8FDC-42A3-9474-1A3956D46DE8}") = "DM ETL", "DM ETL", "{8D88C702-31FA-4B7A-8AE3-44EB472F495F}"
	ProjectSection(SolutionItems) = preProject
		DM ETL\SelectData.sql = DM ETL\SelectData.sql
	EndProjectSection
EndProject
Project("{159641D6-6404-4A2A-AE62-294DE0FE8301}") = "DM ETL", "RedwoodETL\DM ETL.dtproj", "{C5ADD760-F9CE-4B55-BCA6-7B19C181250B}"
EndProject
Project("{2150E333-8FDC-42A3-9474-1A3956D46DE8}") = "DM Multidimensional Analysis", "DM Multidimensional Analysis", "{65CE962D-DC07-42F7-954A-C88E7F9F7071}"
	ProjectSection(SolutionItems) = preProject
		DM Multidimensional Analysis\Redwood Multidimensional Analysis.xlsx = DM Multidimensional Analysis\Redwood Multidimensional Analysis.xlsx
		DM Multidimensional Analysis\Redwood Multidimensional Analysis_Cube.xlsx = DM Multidimensional Analysis\Redwood Multidimensional Analysis_Cube.xlsx
	EndProjectSection
EndProject
Project("{D2ABAB84-BF74-430A-B69E-9DC6D40DDA17}") = "OLAP", "DM Multidimensional Analysis\OLAP\OLAP.dwproj", "{77EA0D51-8419-4758-AB21-4A80A944DCA6}"
EndProject
Project("{2150E333-8FDC-42A3-9474-1A3956D46DE8}") = "DM Report Dashboard", "DM Report Dashboard", "{895A5C55-72DF-43C0-8AED-BC0307DBBB18}"
	ProjectSection(SolutionItems) = preProject
		DM Multidimensional Analysis\Redwood Dashboard.pbix = DM Multidimensional Analysis\Redwood Dashboard.pbix
	EndProjectSection
EndProject
Global
	GlobalSection(SolutionConfigurationPlatforms) = preSolution
		Development|Default = Development|Default
	EndGlobalSection
	GlobalSection(ProjectConfigurationPlatforms) = postSolution
		{C5ADD760-F9CE-4B55-BCA6-7B19C181250B}.Development|Default.ActiveCfg = Development
		{C5ADD760-F9CE-4B55-BCA6-7B19C181250B}.Development|Default.Build.0 = Development
		{77EA0D51-8419-4758-AB21-4A80A944DCA6}.Development|Default.ActiveCfg = Development
		{77EA0D51-8419-4758-AB21-4A80A944DCA6}.Development|Default.Build.0 = Development
		{77EA0D51-8419-4758-AB21-4A80A944DCA6}.Development|Default.Deploy.0 = Development
	EndGlobalSection
	GlobalSection(SolutionProperties) = preSolution
		HideSolutionNode = FALSE
	EndGlobalSection
	GlobalSection(NestedProjects) = preSolution
		{C5ADD760-F9CE-4B55-BCA6-7B19C181250B} = {8D88C702-31FA-4B7A-8AE3-44EB472F495F}
		{77EA0D51-8419-4758-AB21-4A80A944DCA6} = {65CE962D-DC07-42F7-954A-C88E7F9F7071}
	EndGlobalSection
	GlobalSection(ExtensibilityGlobals) = postSolution
		SolutionGuid = {DF2D81C4-2387-46FF-A3D1-F9C29BD8512D}
	EndGlobalSection
EndGlobal
